
Microsoft Visual Studio Solution File, Format Version 12.00
# Visual Studio 15
VisualStudioVersion = 15.0.27703.2000
MinimumVisualStudioVersion = 10.0.40219.1
Project("{FAE04EC0-301F-11D3-BF4B-00C04F79EFBC}") = "Paint", "Paint\Paint.csproj", "{72082052-FE0F-43D3-A044-730CCE8797EB}"
EndProject
Project("{54435603-DBB4-11D2-8724-00A0C9A8B90C}") = "Setup1", "Setup1\Setup1.vdproj", "{FE084912-BC5B-42D3-8217-017B2968B75C}"
EndProject
Global
	GlobalSection(SolutionConfigurationPlatforms) = preSolution
		Debug|Any CPU = Debug|Any CPU
		Release|Any CPU = Release|Any CPU
	EndGlobalSection
	GlobalSection(ProjectConfigurationPlatforms) = postSolution
		{72082052-FE0F-43D3-A044-730CCE8797EB}.Debug|Any CPU.ActiveCfg = Debug|Any CPU
		{72082052-FE0F-43D3-A044-730CCE8797EB}.Debug|Any CPU.Build.0 = Debug|Any CPU
		{72082052-FE0F-43D3-A044-730CCE8797EB}.Release|Any CPU.ActiveCfg = Release|Any CPU
		{72082052-FE0F-43D3-A044-730CCE8797EB}.Release|Any CPU.Build.0 = Release|Any CPU
		{FE084912-BC5B-42D3-8217-017B2968B75C}.Debug|Any CPU.ActiveCfg = Debug
		{FE084912-BC5B-42D3-8217-017B2968B75C}.Release|Any CPU.ActiveCfg = Release
	EndGlobalSection
	GlobalSection(SolutionProperties) = preSolution
		HideSolutionNode = FALSE
	EndGlobalSection
	GlobalSection(ExtensibilityGlobals) = postSolution
		SolutionGuid = {74EF78AD-8051-4360-AD7B-BBB24FA0563B}
	EndGlobalSection
EndGlobal
